// !$*UTF8*$!
{
	archiveVersion = 1;
	classes = {
	};
	objectVersion = 46;
	objects = {

/* Begin PBXBuildFile section */
		93297C29CF0429631C7A1833 /* libPods-DatabaseSample.a in Frameworks */ = {isa = PBXBuildFile; fileRef = 8C9A1CA44390BC17BE6BF64D /* libPods-DatabaseSample.a */; };
		AE94A19D1C0DBE8400C711A2 /* main.m in Sources */ = {isa = PBXBuildFile; fileRef = AE94A19C1C0DBE8400C711A2 /* main.m */; };
		AE94A1A01C0DBE8400C711A2 /* AppDelegate.m in Sources */ = {isa = PBXBuildFile; fileRef = AE94A19F1C0DBE8400C711A2 /* AppDelegate.m */; };
		AE94A1A61C0DBE8400C711A2 /* Main.storyboard in Resources */ = {isa = PBXBuildFile; fileRef = AE94A1A41C0DBE8400C711A2 /* Main.storyboard */; };
		AE94A1A81C0DBE8400C711A2 /* Assets.xcassets in Resources */ = {isa = PBXBuildFile; fileRef = AE94A1A71C0DBE8400C711A2 /* Assets.xcassets */; };
		AE94A1AB1C0DBE8400C711A2 /* LaunchScreen.storyboard in Resources */ = {isa = PBXBuildFile; fileRef = AE94A1A91C0DBE8400C711A2 /* LaunchScreen.storyboard */; };
		AE94A1B61C0DBE8400C711A2 /* DatabaseSampleTests.m in Sources */ = {isa = PBXBuildFile; fileRef = AE94A1B51C0DBE8400C711A2 /* DatabaseSampleTests.m */; };
		AE94A1C11C0DBE8400C711A2 /* DatabaseSampleUITests.m in Sources */ = {isa = PBXBuildFile; fileRef = AE94A1C01C0DBE8400C711A2 /* DatabaseSampleUITests.m */; };
		AE94A1F01C0DBFDE00C711A2 /* CITDataAccess.m in Sources */ = {isa = PBXBuildFile; fileRef = AE94A1D71C0DBFDE00C711A2 /* CITDataAccess.m */; };
		AE94A1F11C0DBFDE00C711A2 /* CITDatabaseManager.m in Sources */ = {isa = PBXBuildFile; fileRef = AE94A1D91C0DBFDE00C711A2 /* CITDatabaseManager.m */; };
		AE94A1F21C0DBFDE00C711A2 /* CITDatabaseQueue.m in Sources */ = {isa = PBXBuildFile; fileRef = AE94A1DB1C0DBFDE00C711A2 /* CITDatabaseQueue.m */; };
		AE94A1F31C0DBFDE00C711A2 /* NSArray+Additions.m in Sources */ = {isa = PBXBuildFile; fileRef = AE94A1DE1C0DBFDE00C711A2 /* NSArray+Additions.m */; };
		AE94A1F41C0DBFDE00C711A2 /* NSData+Additions.m in Sources */ = {isa = PBXBuildFile; fileRef = AE94A1E01C0DBFDE00C711A2 /* NSData+Additions.m */; };
		AE94A1F51C0DBFDE00C711A2 /* NSString+Additions.m in Sources */ = {isa = PBXBuildFile; fileRef = AE94A1E21C0DBFDE00C711A2 /* NSString+Additions.m */; };
		AE94A1F61C0DBFDE00C711A2 /* UIButton+Additions.m in Sources */ = {isa = PBXBuildFile; fileRef = AE94A1E41C0DBFDE00C711A2 /* UIButton+Additions.m */; };
		AE94A1F71C0DBFDE00C711A2 /* UIColor+Additions.m in Sources */ = {isa = PBXBuildFile; fileRef = AE94A1E61C0DBFDE00C711A2 /* UIColor+Additions.m */; };
		AE94A1F81C0DBFDE00C711A2 /* UIDevice+Additions.m in Sources */ = {isa = PBXBuildFile; fileRef = AE94A1E81C0DBFDE00C711A2 /* UIDevice+Additions.m */; };
		AE94A1F91C0DBFDE00C711A2 /* UILabel+Additions.m in Sources */ = {isa = PBXBuildFile; fileRef = AE94A1EA1C0DBFDE00C711A2 /* UILabel+Additions.m */; };
		AE94A1FA1C0DBFDE00C711A2 /* UIView+Animations.m in Sources */ = {isa = PBXBuildFile; fileRef = AE94A1EC1C0DBFDE00C711A2 /* UIView+Animations.m */; };
		AE94A1FB1C0DBFDE00C711A2 /* CITKeychain.m in Sources */ = {isa = PBXBuildFile; fileRef = AE94A1EF1C0DBFDE00C711A2 /* CITKeychain.m */; };
		AE94A2041C0DC05500C711A2 /* CITClientsTableViewController.m in Sources */ = {isa = PBXBuildFile; fileRef = AE94A2031C0DC05500C711A2 /* CITClientsTableViewController.m */; };
		AE94A20B1C0DCF7200C711A2 /* CITDatabaseSchema.m in Sources */ = {isa = PBXBuildFile; fileRef = AE94A20A1C0DCF7200C711A2 /* CITDatabaseSchema.m */; };
		AE94A20F1C0DD49F00C711A2 /* CITDataAccess+Client.m in Sources */ = {isa = PBXBuildFile; fileRef = AE94A20E1C0DD49F00C711A2 /* CITDataAccess+Client.m */; };
		AE94A2131C0DD4C400C711A2 /* Client.m in Sources */ = {isa = PBXBuildFile; fileRef = AE94A2121C0DD4C400C711A2 /* Client.m */; };
		AE94A2171C0DD79900C711A2 /* CITMainViewController.m in Sources */ = {isa = PBXBuildFile; fileRef = AE94A2161C0DD79900C711A2 /* CITMainViewController.m */; };
		AE94A21B1C0DD7AC00C711A2 /* CITMainView.m in Sources */ = {isa = PBXBuildFile; fileRef = AE94A21A1C0DD7AC00C711A2 /* CITMainView.m */; };
/* End PBXBuildFile section */

/* Begin PBXContainerItemProxy section */
		AE94A1B21C0DBE8400C711A2 /* PBXContainerItemProxy */ = {
			isa = PBXContainerItemProxy;
			containerPortal = AE94A1901C0DBE8400C711A2 /* Project object */;
			proxyType = 1;
			remoteGlobalIDString = AE94A1971C0DBE8400C711A2;
			remoteInfo = DatabaseSample;
		};
		AE94A1BD1C0DBE8400C711A2 /* PBXContainerItemProxy */ = {
			isa = PBXContainerItemProxy;
			containerPortal = AE94A1901C0DBE8400C711A2 /* Project object */;
			proxyType = 1;
			remoteGlobalIDString = AE94A1971C0DBE8400C711A2;
			remoteInfo = DatabaseSample;
		};
/* End PBXContainerItemProxy section */

/* Begin PBXFileReference section */
		8C9A1CA44390BC17BE6BF64D /* libPods-DatabaseSample.a */ = {isa = PBXFileReference; explicitFileType = archive.ar; includeInIndex = 0; path = "libPods-DatabaseSample.a"; sourceTree = BUILT_PRODUCTS_DIR; };
		AE94A1981C0DBE8400C711A2 /* DatabaseSample.app */ = {isa = PBXFileReference; explicitFileType = wrapper.application; includeInIndex = 0; path = DatabaseSample.app; sourceTree = BUILT_PRODUCTS_DIR; };
		AE94A19C1C0DBE8400C711A2 /* main.m */ = {isa = PBXFileReference; lastKnownFileType = sourcecode.c.objc; path = main.m; sourceTree = "<group>"; };
		AE94A19E1C0DBE8400C711A2 /* AppDelegate.h */ = {isa = PBXFileReference; lastKnownFileType = sourcecode.c.h; path = AppDelegate.h; sourceTree = "<group>"; };
		AE94A19F1C0DBE8400C711A2 /* AppDelegate.m */ = {isa = PBXFileReference; lastKnownFileType = sourcecode.c.objc; path = AppDelegate.m; sourceTree = "<group>"; };
		AE94A1A51C0DBE8400C711A2 /* Base */ = {isa = PBXFileReference; lastKnownFileType = file.storyboard; name = Base; path = Base.lproj/Main.storyboard; sourceTree = "<group>"; };
		AE94A1A71C0DBE8400C711A2 /* Assets.xcassets */ = {isa = PBXFileReference; lastKnownFileType = folder.assetcatalog; path = Assets.xcassets; sourceTree = "<group>"; };
		AE94A1AA1C0DBE8400C711A2 /* Base */ = {isa = PBXFileReference; lastKnownFileType = file.storyboard; name = Base; path = Base.lproj/LaunchScreen.storyboard; sourceTree = "<group>"; };
		AE94A1AC1C0DBE8400C711A2 /* Info.plist */ = {isa = PBXFileReference; lastKnownFileType = text.plist.xml; path = Info.plist; sourceTree = "<group>"; };
		AE94A1B11C0DBE8400C711A2 /* DatabaseSampleTests.xctest */ = {isa = PBXFileReference; explicitFileType = wrapper.cfbundle; includeInIndex = 0; path = DatabaseSampleTests.xctest; sourceTree = BUILT_PRODUCTS_DIR; };
		AE94A1B51C0DBE8400C711A2 /* DatabaseSampleTests.m */ = {isa = PBXFileReference; lastKnownFileType = sourcecode.c.objc; path = DatabaseSampleTests.m; sourceTree = "<group>"; };
		AE94A1B71C0DBE8400C711A2 /* Info.plist */ = {isa = PBXFileReference; lastKnownFileType = text.plist.xml; path = Info.plist; sourceTree = "<group>"; };
		AE94A1BC1C0DBE8400C711A2 /* DatabaseSampleUITests.xctest */ = {isa = PBXFileReference; explicitFileType = wrapper.cfbundle; includeInIndex = 0; path = DatabaseSampleUITests.xctest; sourceTree = BUILT_PRODUCTS_DIR; };
		AE94A1C01C0DBE8400C711A2 /* DatabaseSampleUITests.m */ = {isa = PBXFileReference; lastKnownFileType = sourcecode.c.objc; path = DatabaseSampleUITests.m; sourceTree = "<group>"; };
		AE94A1C21C0DBE8400C711A2 /* Info.plist */ = {isa = PBXFileReference; lastKnownFileType = text.plist.xml; path = Info.plist; sourceTree = "<group>"; };
		AE94A1D61C0DBFDE00C711A2 /* CITDataAccess.h */ = {isa = PBXFileReference; fileEncoding = 4; lastKnownFileType = sourcecode.c.h; path = CITDataAccess.h; sourceTree = "<group>"; };
		AE94A1D71C0DBFDE00C711A2 /* CITDataAccess.m */ = {isa = PBXFileReference; fileEncoding = 4; lastKnownFileType = sourcecode.c.objc; path = CITDataAccess.m; sourceTree = "<group>"; };
		AE94A1D81C0DBFDE00C711A2 /* CITDatabaseManager.h */ = {isa = PBXFileReference; fileEncoding = 4; lastKnownFileType = sourcecode.c.h; path = CITDatabaseManager.h; sourceTree = "<group>"; };
		AE94A1D91C0DBFDE00C711A2 /* CITDatabaseManager.m */ = {isa = PBXFileReference; fileEncoding = 4; lastKnownFileType = sourcecode.c.objc; path = CITDatabaseManager.m; sourceTree = "<group>"; };
		AE94A1DA1C0DBFDE00C711A2 /* CITDatabaseQueue.h */ = {isa = PBXFileReference; fileEncoding = 4; lastKnownFileType = sourcecode.c.h; path = CITDatabaseQueue.h; sourceTree = "<group>"; };
		AE94A1DB1C0DBFDE00C711A2 /* CITDatabaseQueue.m */ = {isa = PBXFileReference; fileEncoding = 4; lastKnownFileType = sourcecode.c.objc; path = CITDatabaseQueue.m; sourceTree = "<group>"; };
		AE94A1DD1C0DBFDE00C711A2 /* NSArray+Additions.h */ = {isa = PBXFileReference; fileEncoding = 4; lastKnownFileType = sourcecode.c.h; path = "NSArray+Additions.h"; sourceTree = "<group>"; };
		AE94A1DE1C0DBFDE00C711A2 /* NSArray+Additions.m */ = {isa = PBXFileReference; fileEncoding = 4; lastKnownFileType = sourcecode.c.objc; path = "NSArray+Additions.m"; sourceTree = "<group>"; };
		AE94A1DF1C0DBFDE00C711A2 /* NSData+Additions.h */ = {isa = PBXFileReference; fileEncoding = 4; lastKnownFileType = sourcecode.c.h; path = "NSData+Additions.h"; sourceTree = "<group>"; };
		AE94A1E01C0DBFDE00C711A2 /* NSData+Additions.m */ = {isa = PBXFileReference; fileEncoding = 4; lastKnownFileType = sourcecode.c.objc; path = "NSData+Additions.m"; sourceTree = "<group>"; };
		AE94A1E11C0DBFDE00C711A2 /* NSString+Additions.h */ = {isa = PBXFileReference; fileEncoding = 4; lastKnownFileType = sourcecode.c.h; path = "NSString+Additions.h"; sourceTree = "<group>"; };
		AE94A1E21C0DBFDE00C711A2 /* NSString+Additions.m */ = {isa = PBXFileReference; fileEncoding = 4; lastKnownFileType = sourcecode.c.objc; path = "NSString+Additions.m"; sourceTree = "<group>"; };
		AE94A1E31C0DBFDE00C711A2 /* UIButton+Additions.h */ = {isa = PBXFileReference; fileEncoding = 4; lastKnownFileType = sourcecode.c.h; path = "UIButton+Additions.h"; sourceTree = "<group>"; };
		AE94A1E41C0DBFDE00C711A2 /* UIButton+Additions.m */ = {isa = PBXFileReference; fileEncoding = 4; lastKnownFileType = sourcecode.c.objc; path = "UIButton+Additions.m"; sourceTree = "<group>"; };
		AE94A1E51C0DBFDE00C711A2 /* UIColor+Additions.h */ = {isa = PBXFileReference; fileEncoding = 4; lastKnownFileType = sourcecode.c.h; path = "UIColor+Additions.h"; sourceTree = "<group>"; };
		AE94A1E61C0DBFDE00C711A2 /* UIColor+Additions.m */ = {isa = PBXFileReference; fileEncoding = 4; lastKnownFileType = sourcecode.c.objc; path = "UIColor+Additions.m"; sourceTree = "<group>"; };
		AE94A1E71C0DBFDE00C711A2 /* UIDevice+Additions.h */ = {isa = PBXFileReference; fileEncoding = 4; lastKnownFileType = sourcecode.c.h; path = "UIDevice+Additions.h"; sourceTree = "<group>"; };
		AE94A1E81C0DBFDE00C711A2 /* UIDevice+Additions.m */ = {isa = PBXFileReference; fileEncoding = 4; lastKnownFileType = sourcecode.c.objc; path = "UIDevice+Additions.m"; sourceTree = "<group>"; };
		AE94A1E91C0DBFDE00C711A2 /* UILabel+Additions.h */ = {isa = PBXFileReference; fileEncoding = 4; lastKnownFileType = sourcecode.c.h; path = "UILabel+Additions.h"; sourceTree = "<group>"; };
		AE94A1EA1C0DBFDE00C711A2 /* UILabel+Additions.m */ = {isa = PBXFileReference; fileEncoding = 4; lastKnownFileType = sourcecode.c.objc; path = "UILabel+Additions.m"; sourceTree = "<group>"; };
		AE94A1EB1C0DBFDE00C711A2 /* UIView+Animations.h */ = {isa = PBXFileReference; fileEncoding = 4; lastKnownFileType = sourcecode.c.h; path = "UIView+Animations.h"; sourceTree = "<group>"; };
		AE94A1EC1C0DBFDE00C711A2 /* UIView+Animations.m */ = {isa = PBXFileReference; fileEncoding = 4; lastKnownFileType = sourcecode.c.objc; path = "UIView+Animations.m"; sourceTree = "<group>"; };
		AE94A1EE1C0DBFDE00C711A2 /* CITKeychain.h */ = {isa = PBXFileReference; fileEncoding = 4; lastKnownFileType = sourcecode.c.h; path = CITKeychain.h; sourceTree = "<group>"; };
		AE94A1EF1C0DBFDE00C711A2 /* CITKeychain.m */ = {isa = PBXFileReference; fileEncoding = 4; lastKnownFileType = sourcecode.c.objc; path = CITKeychain.m; sourceTree = "<group>"; };
		AE94A2021C0DC05500C711A2 /* CITClientsTableViewController.h */ = {isa = PBXFileReference; fileEncoding = 4; lastKnownFileType = sourcecode.c.h; path = CITClientsTableViewController.h; sourceTree = "<group>"; };
		AE94A2031C0DC05500C711A2 /* CITClientsTableViewController.m */ = {isa = PBXFileReference; fileEncoding = 4; lastKnownFileType = sourcecode.c.objc; path = CITClientsTableViewController.m; sourceTree = "<group>"; };
		AE94A2091C0DCF7200C711A2 /* CITDatabaseSchema.h */ = {isa = PBXFileReference; fileEncoding = 4; lastKnownFileType = sourcecode.c.h; path = CITDatabaseSchema.h; sourceTree = "<group>"; };
		AE94A20A1C0DCF7200C711A2 /* CITDatabaseSchema.m */ = {isa = PBXFileReference; fileEncoding = 4; lastKnownFileType = sourcecode.c.objc; path = CITDatabaseSchema.m; sourceTree = "<group>"; };
		AE94A20D1C0DD49F00C711A2 /* CITDataAccess+Client.h */ = {isa = PBXFileReference; fileEncoding = 4; lastKnownFileType = sourcecode.c.h; path = "CITDataAccess+Client.h"; sourceTree = "<group>"; };
		AE94A20E1C0DD49F00C711A2 /* CITDataAccess+Client.m */ = {isa = PBXFileReference; fileEncoding = 4; lastKnownFileType = sourcecode.c.objc; path = "CITDataAccess+Client.m"; sourceTree = "<group>"; };
		AE94A2111C0DD4C400C711A2 /* Client.h */ = {isa = PBXFileReference; fileEncoding = 4; lastKnownFileType = sourcecode.c.h; path = Client.h; sourceTree = "<group>"; };
		AE94A2121C0DD4C400C711A2 /* Client.m */ = {isa = PBXFileReference; fileEncoding = 4; lastKnownFileType = sourcecode.c.objc; path = Client.m; sourceTree = "<group>"; };
		AE94A2151C0DD79900C711A2 /* CITMainViewController.h */ = {isa = PBXFileReference; fileEncoding = 4; lastKnownFileType = sourcecode.c.h; path = CITMainViewController.h; sourceTree = "<group>"; };
		AE94A2161C0DD79900C711A2 /* CITMainViewController.m */ = {isa = PBXFileReference; fileEncoding = 4; lastKnownFileType = sourcecode.c.objc; path = CITMainViewController.m; sourceTree = "<group>"; };
		AE94A2191C0DD7AC00C711A2 /* CITMainView.h */ = {isa = PBXFileReference; fileEncoding = 4; lastKnownFileType = sourcecode.c.h; path = CITMainView.h; sourceTree = "<group>"; };
		AE94A21A1C0DD7AC00C711A2 /* CITMainView.m */ = {isa = PBXFileReference; fileEncoding = 4; lastKnownFileType = sourcecode.c.objc; path = CITMainView.m; sourceTree = "<group>"; };
		E4A9EB887BD897CA7D42D35F /* Pods-DatabaseSample.release.xcconfig */ = {isa = PBXFileReference; includeInIndex = 1; lastKnownFileType = text.xcconfig; name = "Pods-DatabaseSample.release.xcconfig"; path = "Pods/Target Support Files/Pods-DatabaseSample/Pods-DatabaseSample.release.xcconfig"; sourceTree = "<group>"; };
		EAE7466088956527C1F5E65B /* Pods-DatabaseSample.debug.xcconfig */ = {isa = PBXFileReference; includeInIndex = 1; lastKnownFileType = text.xcconfig; name = "Pods-DatabaseSample.debug.xcconfig"; path = "Pods/Target Support Files/Pods-DatabaseSample/Pods-DatabaseSample.debug.xcconfig"; sourceTree = "<group>"; };
/* End PBXFileReference section */

/* Begin PBXFrameworksBuildPhase section */
		AE94A1951C0DBE8400C711A2 /* Frameworks */ = {
			isa = PBXFrameworksBuildPhase;
			buildActionMask = 2147483647;
			files = (
				93297C29CF0429631C7A1833 /* libPods-DatabaseSample.a in Frameworks */,
			);
			runOnlyForDeploymentPostprocessing = 0;
		};
		AE94A1AE1C0DBE8400C711A2 /* Frameworks */ = {
			isa = PBXFrameworksBuildPhase;
			buildActionMask = 2147483647;
			files = (
			);
			runOnlyForDeploymentPostprocessing = 0;
		};
		AE94A1B91C0DBE8400C711A2 /* Frameworks */ = {
			isa = PBXFrameworksBuildPhase;
			buildActionMask = 2147483647;
			files = (
			);
			runOnlyForDeploymentPostprocessing = 0;
		};
/* End PBXFrameworksBuildPhase section */

/* Begin PBXGroup section */
		52720936B20E8B71CBDB48B2 /* Frameworks */ = {
			isa = PBXGroup;
			children = (
				8C9A1CA44390BC17BE6BF64D /* libPods-DatabaseSample.a */,
			);
			name = Frameworks;
			sourceTree = "<group>";
		};
		AE94A18F1C0DBE8400C711A2 = {
			isa = PBXGroup;
			children = (
				AE94A19A1C0DBE8400C711A2 /* DatabaseSample */,
				AE94A1B41C0DBE8400C711A2 /* DatabaseSampleTests */,
				AE94A1BF1C0DBE8400C711A2 /* DatabaseSampleUITests */,
				52720936B20E8B71CBDB48B2 /* Frameworks */,
				D2C54ACAE4523ED14227AACB /* Pods */,
				AE94A1991C0DBE8400C711A2 /* Products */,
			);
			sourceTree = "<group>";
		};
		AE94A1991C0DBE8400C711A2 /* Products */ = {
			isa = PBXGroup;
			children = (
				AE94A1981C0DBE8400C711A2 /* DatabaseSample.app */,
				AE94A1B11C0DBE8400C711A2 /* DatabaseSampleTests.xctest */,
				AE94A1BC1C0DBE8400C711A2 /* DatabaseSampleUITests.xctest */,
			);
			name = Products;
			sourceTree = "<group>";
		};
		AE94A19A1C0DBE8400C711A2 /* DatabaseSample */ = {
			isa = PBXGroup;
			children = (
				AE94A1D41C0DBFDE00C711A2 /* Ci&T iOS Framework */,
				AE94A1FC1C0DBFEE00C711A2 /* Controller */,
				AE94A2051C0DC0C200C711A2 /* Database */,
				AE94A19B1C0DBE8400C711A2 /* Supporting Files */,
				AE94A1FD1C0DBFFB00C711A2 /* View */,
				AE94A19E1C0DBE8400C711A2 /* AppDelegate.h */,
				AE94A19F1C0DBE8400C711A2 /* AppDelegate.m */,
				AE94A1A71C0DBE8400C711A2 /* Assets.xcassets */,
				AE94A1AC1C0DBE8400C711A2 /* Info.plist */,
				AE94A1A91C0DBE8400C711A2 /* LaunchScreen.storyboard */,
				AE94A1A41C0DBE8400C711A2 /* Main.storyboard */,
			);
			path = DatabaseSample;
			sourceTree = "<group>";
		};
		AE94A19B1C0DBE8400C711A2 /* Supporting Files */ = {
			isa = PBXGroup;
			children = (
				AE94A19C1C0DBE8400C711A2 /* main.m */,
			);
			path = "Supporting Files";
			sourceTree = "<group>";
		};
		AE94A1B41C0DBE8400C711A2 /* DatabaseSampleTests */ = {
			isa = PBXGroup;
			children = (
				AE94A1B51C0DBE8400C711A2 /* DatabaseSampleTests.m */,
				AE94A1B71C0DBE8400C711A2 /* Info.plist */,
			);
			path = DatabaseSampleTests;
			sourceTree = "<group>";
		};
		AE94A1BF1C0DBE8400C711A2 /* DatabaseSampleUITests */ = {
			isa = PBXGroup;
			children = (
				AE94A1C01C0DBE8400C711A2 /* DatabaseSampleUITests.m */,
				AE94A1C21C0DBE8400C711A2 /* Info.plist */,
			);
			path = DatabaseSampleUITests;
			sourceTree = "<group>";
		};
		AE94A1D41C0DBFDE00C711A2 /* Ci&T iOS Framework */ = {
			isa = PBXGroup;
			children = (
				AE94A1D51C0DBFDE00C711A2 /* CITDatabase */,
				AE94A1DC1C0DBFDE00C711A2 /* CITFoundation */,
				AE94A1ED1C0DBFDE00C711A2 /* CITSecurity */,
			);
			path = "Ci&T iOS Framework";
			sourceTree = "<group>";
		};
		AE94A1D51C0DBFDE00C711A2 /* CITDatabase */ = {
			isa = PBXGroup;
			children = (
				AE94A1D61C0DBFDE00C711A2 /* CITDataAccess.h */,
				AE94A1D71C0DBFDE00C711A2 /* CITDataAccess.m */,
				AE94A1D81C0DBFDE00C711A2 /* CITDatabaseManager.h */,
				AE94A1D91C0DBFDE00C711A2 /* CITDatabaseManager.m */,
				AE94A1DA1C0DBFDE00C711A2 /* CITDatabaseQueue.h */,
				AE94A1DB1C0DBFDE00C711A2 /* CITDatabaseQueue.m */,
			);
			path = CITDatabase;
			sourceTree = "<group>";
		};
		AE94A1DC1C0DBFDE00C711A2 /* CITFoundation */ = {
			isa = PBXGroup;
			children = (
				AE94A1DD1C0DBFDE00C711A2 /* NSArray+Additions.h */,
				AE94A1DE1C0DBFDE00C711A2 /* NSArray+Additions.m */,
				AE94A1DF1C0DBFDE00C711A2 /* NSData+Additions.h */,
				AE94A1E01C0DBFDE00C711A2 /* NSData+Additions.m */,
				AE94A1E11C0DBFDE00C711A2 /* NSString+Additions.h */,
				AE94A1E21C0DBFDE00C711A2 /* NSString+Additions.m */,
				AE94A1E31C0DBFDE00C711A2 /* UIButton+Additions.h */,
				AE94A1E41C0DBFDE00C711A2 /* UIButton+Additions.m */,
				AE94A1E51C0DBFDE00C711A2 /* UIColor+Additions.h */,
				AE94A1E61C0DBFDE00C711A2 /* UIColor+Additions.m */,
				AE94A1E71C0DBFDE00C711A2 /* UIDevice+Additions.h */,
				AE94A1E81C0DBFDE00C711A2 /* UIDevice+Additions.m */,
				AE94A1E91C0DBFDE00C711A2 /* UILabel+Additions.h */,
				AE94A1EA1C0DBFDE00C711A2 /* UILabel+Additions.m */,
				AE94A1EB1C0DBFDE00C711A2 /* UIView+Animations.h */,
				AE94A1EC1C0DBFDE00C711A2 /* UIView+Animations.m */,
			);
			path = CITFoundation;
			sourceTree = "<group>";
		};
		AE94A1ED1C0DBFDE00C711A2 /* CITSecurity */ = {
			isa = PBXGroup;
			children = (
				AE94A1EE1C0DBFDE00C711A2 /* CITKeychain.h */,
				AE94A1EF1C0DBFDE00C711A2 /* CITKeychain.m */,
			);
			path = CITSecurity;
			sourceTree = "<group>";
		};
		AE94A1FC1C0DBFEE00C711A2 /* Controller */ = {
			isa = PBXGroup;
			children = (
				AE94A2011C0DC03C00C711A2 /* Clients */,
				AE94A2141C0DD78300C711A2 /* Main */,
			);
			path = Controller;
			sourceTree = "<group>";
		};
		AE94A1FD1C0DBFFB00C711A2 /* View */ = {
			isa = PBXGroup;
			children = (
				AE94A2181C0DD7A100C711A2 /* Main */,
			);
			path = View;
			sourceTree = "<group>";
		};
		AE94A2011C0DC03C00C711A2 /* Clients */ = {
			isa = PBXGroup;
			children = (
				AE94A2021C0DC05500C711A2 /* CITClientsTableViewController.h */,
				AE94A2031C0DC05500C711A2 /* CITClientsTableViewController.m */,
			);
			path = Clients;
			sourceTree = "<group>";
		};
		AE94A2051C0DC0C200C711A2 /* Database */ = {
			isa = PBXGroup;
			children = (
				AE94A2101C0DD4B600C711A2 /* Entities */,
				AE94A2081C0DCF4900C711A2 /* Setup */,
				AE94A20C1C0DD47200C711A2 /* Client */,
			);
			path = Database;
			sourceTree = "<group>";
		};
		AE94A2081C0DCF4900C711A2 /* Setup */ = {
			isa = PBXGroup;
			children = (
				AE94A2091C0DCF7200C711A2 /* CITDatabaseSchema.h */,
				AE94A20A1C0DCF7200C711A2 /* CITDatabaseSchema.m */,
			);
			path = Setup;
			sourceTree = "<group>";
		};
		AE94A20C1C0DD47200C711A2 /* Client */ = {
			isa = PBXGroup;
			children = (
				AE94A20D1C0DD49F00C711A2 /* CITDataAccess+Client.h */,
				AE94A20E1C0DD49F00C711A2 /* CITDataAccess+Client.m */,
			);
			name = Client;
			path = TestTable;
			sourceTree = "<group>";
		};
		AE94A2101C0DD4B600C711A2 /* Entities */ = {
			isa = PBXGroup;
			children = (
				AE94A2111C0DD4C400C711A2 /* Client.h */,
				AE94A2121C0DD4C400C711A2 /* Client.m */,
			);
			path = Entities;
			sourceTree = "<group>";
		};
		AE94A2141C0DD78300C711A2 /* Main */ = {
			isa = PBXGroup;
			children = (
				AE94A2151C0DD79900C711A2 /* CITMainViewController.h */,
				AE94A2161C0DD79900C711A2 /* CITMainViewController.m */,
			);
			path = Main;
			sourceTree = "<group>";
		};
		AE94A2181C0DD7A100C711A2 /* Main */ = {
			isa = PBXGroup;
			children = (
				AE94A2191C0DD7AC00C711A2 /* CITMainView.h */,
				AE94A21A1C0DD7AC00C711A2 /* CITMainView.m */,
			);
			path = Main;
			sourceTree = "<group>";
		};
		D2C54ACAE4523ED14227AACB /* Pods */ = {
			isa = PBXGroup;
			children = (
				EAE7466088956527C1F5E65B /* Pods-DatabaseSample.debug.xcconfig */,
				E4A9EB887BD897CA7D42D35F /* Pods-DatabaseSample.release.xcconfig */,
			);
			name = Pods;
			sourceTree = "<group>";
		};
/* End PBXGroup section */

/* Begin PBXNativeTarget section */
		AE94A1971C0DBE8400C711A2 /* DatabaseSample */ = {
			isa = PBXNativeTarget;
			buildConfigurationList = AE94A1C51C0DBE8400C711A2 /* Build configuration list for PBXNativeTarget "DatabaseSample" */;
			buildPhases = (
				E8FCC9BD5DB6DBCCAE81F3FF /* Check Pods Manifest.lock */,
				AE94A1941C0DBE8400C711A2 /* Sources */,
				AE94A1951C0DBE8400C711A2 /* Frameworks */,
				AE94A1961C0DBE8400C711A2 /* Resources */,
				C9B98A930CEF4A653C8F0E65 /* Embed Pods Frameworks */,
				323B8BDDEE48BC0070B0DEFB /* Copy Pods Resources */,
			);
			buildRules = (
			);
			dependencies = (
			);
			name = DatabaseSample;
			productName = DatabaseSample;
			productReference = AE94A1981C0DBE8400C711A2 /* DatabaseSample.app */;
			productType = "com.apple.product-type.application";
		};
		AE94A1B01C0DBE8400C711A2 /* DatabaseSampleTests */ = {
			isa = PBXNativeTarget;
			buildConfigurationList = AE94A1C81C0DBE8400C711A2 /* Build configuration list for PBXNativeTarget "DatabaseSampleTests" */;
			buildPhases = (
				AE94A1AD1C0DBE8400C711A2 /* Sources */,
				AE94A1AE1C0DBE8400C711A2 /* Frameworks */,
				AE94A1AF1C0DBE8400C711A2 /* Resources */,
			);
			buildRules = (
			);
			dependencies = (
				AE94A1B31C0DBE8400C711A2 /* PBXTargetDependency */,
			);
			name = DatabaseSampleTests;
			productName = DatabaseSampleTests;
			productReference = AE94A1B11C0DBE8400C711A2 /* DatabaseSampleTests.xctest */;
			productType = "com.apple.product-type.bundle.unit-test";
		};
		AE94A1BB1C0DBE8400C711A2 /* DatabaseSampleUITests */ = {
			isa = PBXNativeTarget;
			buildConfigurationList = AE94A1CB1C0DBE8400C711A2 /* Build configuration list for PBXNativeTarget "DatabaseSampleUITests" */;
			buildPhases = (
				AE94A1B81C0DBE8400C711A2 /* Sources */,
				AE94A1B91C0DBE8400C711A2 /* Frameworks */,
				AE94A1BA1C0DBE8400C711A2 /* Resources */,
			);
			buildRules = (
			);
			dependencies = (
				AE94A1BE1C0DBE8400C711A2 /* PBXTargetDependency */,
			);
			name = DatabaseSampleUITests;
			productName = DatabaseSampleUITests;
			productReference = AE94A1BC1C0DBE8400C711A2 /* DatabaseSampleUITests.xctest */;
			productType = "com.apple.product-type.bundle.ui-testing";
		};
/* End PBXNativeTarget section */

/* Begin PBXProject section */
		AE94A1901C0DBE8400C711A2 /* Project object */ = {
			isa = PBXProject;
			attributes = {
				LastUpgradeCheck = 0710;
				ORGANIZATIONNAME = "Henrique Gouveia";
				TargetAttributes = {
					AE94A1971C0DBE8400C711A2 = {
						CreatedOnToolsVersion = 7.1;
					};
					AE94A1B01C0DBE8400C711A2 = {
						CreatedOnToolsVersion = 7.1;
						TestTargetID = AE94A1971C0DBE8400C711A2;
					};
					AE94A1BB1C0DBE8400C711A2 = {
						CreatedOnToolsVersion = 7.1;
						TestTargetID = AE94A1971C0DBE8400C711A2;
					};
				};
			};
			buildConfigurationList = AE94A1931C0DBE8400C711A2 /* Build configuration list for PBXProject "DatabaseSample" */;
			compatibilityVersion = "Xcode 3.2";
			developmentRegion = English;
			hasScannedForEncodings = 0;
			knownRegions = (
				en,
				Base,
			);
			mainGroup = AE94A18F1C0DBE8400C711A2;
			productRefGroup = AE94A1991C0DBE8400C711A2 /* Products */;
			projectDirPath = "";
			projectRoot = "";
			targets = (
				AE94A1971C0DBE8400C711A2 /* DatabaseSample */,
				AE94A1B01C0DBE8400C711A2 /* DatabaseSampleTests */,
				AE94A1BB1C0DBE8400C711A2 /* DatabaseSampleUITests */,
			);
		};
/* End PBXProject section */

/* Begin PBXResourcesBuildPhase section */
		AE94A1961C0DBE8400C711A2 /* Resources */ = {
			isa = PBXResourcesBuildPhase;
			buildActionMask = 2147483647;
			files = (
				AE94A1AB1C0DBE8400C711A2 /* LaunchScreen.storyboard in Resources */,
				AE94A1A81C0DBE8400C711A2 /* Assets.xcassets in Resources */,
				AE94A1A61C0DBE8400C711A2 /* Main.storyboard in Resources */,
			);
			runOnlyForDeploymentPostprocessing = 0;
		};
		AE94A1AF1C0DBE8400C711A2 /* Resources */ = {
			isa = PBXResourcesBuildPhase;
			buildActionMask = 2147483647;
			files = (
			);
			runOnlyForDeploymentPostprocessing = 0;
		};
		AE94A1BA1C0DBE8400C711A2 /* Resources */ = {
			isa = PBXResourcesBuildPhase;
			buildActionMask = 2147483647;
			files = (
			);
			runOnlyForDeploymentPostprocessing = 0;
		};
/* End PBXResourcesBuildPhase section */

/* Begin PBXShellScriptBuildPhase section */
		323B8BDDEE48BC0070B0DEFB /* Copy Pods Resources */ = {
			isa = PBXShellScriptBuildPhase;
			buildActionMask = 2147483647;
			files = (
			);
			inputPaths = (
			);
			name = "Copy Pods Resources";
			outputPaths = (
			);
			runOnlyForDeploymentPostprocessing = 0;
			shellPath = /bin/sh;
			shellScript = "\"${SRCROOT}/Pods/Target Support Files/Pods-DatabaseSample/Pods-DatabaseSample-resources.sh\"\n";
			showEnvVarsInLog = 0;
		};
		C9B98A930CEF4A653C8F0E65 /* Embed Pods Frameworks */ = {
			isa = PBXShellScriptBuildPhase;
			buildActionMask = 2147483647;
			files = (
			);
			inputPaths = (
			);
			name = "Embed Pods Frameworks";
			outputPaths = (
			);
			runOnlyForDeploymentPostprocessing = 0;
			shellPath = /bin/sh;
			shellScript = "\"${SRCROOT}/Pods/Target Support Files/Pods-DatabaseSample/Pods-DatabaseSample-frameworks.sh\"\n";
			showEnvVarsInLog = 0;
		};
		E8FCC9BD5DB6DBCCAE81F3FF /* Check Pods Manifest.lock */ = {
			isa = PBXShellScriptBuildPhase;
			buildActionMask = 2147483647;
			files = (
			);
			inputPaths = (
			);
			name = "Check Pods Manifest.lock";
			outputPaths = (
			);
			runOnlyForDeploymentPostprocessing = 0;
			shellPath = /bin/sh;
			shellScript = "diff \"${PODS_ROOT}/../Podfile.lock\" \"${PODS_ROOT}/Manifest.lock\" > /dev/null\nif [[ $? != 0 ]] ; then\n    cat << EOM\nerror: The sandbox is not in sync with the Podfile.lock. Run 'pod install' or update your CocoaPods installation.\nEOM\n    exit 1\nfi\n";
			showEnvVarsInLog = 0;
		};
/* End PBXShellScriptBuildPhase section */

/* Begin PBXSourcesBuildPhase section */
		AE94A1941C0DBE8400C711A2 /* Sources */ = {
			isa = PBXSourcesBuildPhase;
			buildActionMask = 2147483647;
			files = (
				AE94A1F81C0DBFDE00C711A2 /* UIDevice+Additions.m in Sources */,
				AE94A1F21C0DBFDE00C711A2 /* CITDatabaseQueue.m in Sources */,
				AE94A2131C0DD4C400C711A2 /* Client.m in Sources */,
				AE94A2041C0DC05500C711A2 /* CITClientsTableViewController.m in Sources */,
				AE94A1F51C0DBFDE00C711A2 /* NSString+Additions.m in Sources */,
				AE94A20B1C0DCF7200C711A2 /* CITDatabaseSchema.m in Sources */,
				AE94A1A01C0DBE8400C711A2 /* AppDelegate.m in Sources */,
				AE94A19D1C0DBE8400C711A2 /* main.m in Sources */,
				AE94A1F61C0DBFDE00C711A2 /* UIButton+Additions.m in Sources */,
				AE94A2171C0DD79900C711A2 /* CITMainViewController.m in Sources */,
				AE94A20F1C0DD49F00C711A2 /* CITDataAccess+Client.m in Sources */,
				AE94A1F91C0DBFDE00C711A2 /* UILabel+Additions.m in Sources */,
				AE94A21B1C0DD7AC00C711A2 /* CITMainView.m in Sources */,
				AE94A1F71C0DBFDE00C711A2 /* UIColor+Additions.m in Sources */,
				AE94A1F41C0DBFDE00C711A2 /* NSData+Additions.m in Sources */,
				AE94A1F01C0DBFDE00C711A2 /* CITDataAccess.m in Sources */,
				AE94A1F31C0DBFDE00C711A2 /* NSArray+Additions.m in Sources */,
				AE94A1FA1C0DBFDE00C711A2 /* UIView+Animations.m in Sources */,
				AE94A1FB1C0DBFDE00C711A2 /* CITKeychain.m in Sources */,
				AE94A1F11C0DBFDE00C711A2 /* CITDatabaseManager.m in Sources */,
			);
			runOnlyForDeploymentPostprocessing = 0;
		};
		AE94A1AD1C0DBE8400C711A2 /* Sources */ = {
			isa = PBXSourcesBuildPhase;
			buildActionMask = 2147483647;
			files = (
				AE94A1B61C0DBE8400C711A2 /* DatabaseSampleTests.m in Sources */,
			);
			runOnlyForDeploymentPostprocessing = 0;
		};
		AE94A1B81C0DBE8400C711A2 /* Sources */ = {
			isa = PBXSourcesBuildPhase;
			buildActionMask = 2147483647;
			files = (
				AE94A1C11C0DBE8400C711A2 /* DatabaseSampleUITests.m in Sources */,
			);
			runOnlyForDeploymentPostprocessing = 0;
		};
/* End PBXSourcesBuildPhase section */

/* Begin PBXTargetDependency section */
		AE94A1B31C0DBE8400C711A2 /* PBXTargetDependency */ = {
			isa = PBXTargetDependency;
			target = AE94A1971C0DBE8400C711A2 /* DatabaseSample */;
			targetProxy = AE94A1B21C0DBE8400C711A2 /* PBXContainerItemProxy */;
		};
		AE94A1BE1C0DBE8400C711A2 /* PBXTargetDependency */ = {
			isa = PBXTargetDependency;
			target = AE94A1971C0DBE8400C711A2 /* DatabaseSample */;
			targetProxy = AE94A1BD1C0DBE8400C711A2 /* PBXContainerItemProxy */;
		};
/* End PBXTargetDependency section */

/* Begin PBXVariantGroup section */
		AE94A1A41C0DBE8400C711A2 /* Main.storyboard */ = {
			isa = PBXVariantGroup;
			children = (
				AE94A1A51C0DBE8400C711A2 /* Base */,
			);
			name = Main.storyboard;
			path = .;
			sourceTree = "<group>";
		};
		AE94A1A91C0DBE8400C711A2 /* LaunchScreen.storyboard */ = {
			isa = PBXVariantGroup;
			children = (
				AE94A1AA1C0DBE8400C711A2 /* Base */,
			);
			name = LaunchScreen.storyboard;
			path = .;
			sourceTree = "<group>";
		};
/* End PBXVariantGroup section */

/* Begin XCBuildConfiguration section */
		AE94A1C31C0DBE8400C711A2 /* Debug */ = {
			isa = XCBuildConfiguration;
			buildSettings = {
				ALWAYS_SEARCH_USER_PATHS = NO;
				CLANG_CXX_LANGUAGE_STANDARD = "gnu++0x";
				CLANG_CXX_LIBRARY = "libc++";
				CLANG_ENABLE_MODULES = YES;
				CLANG_ENABLE_OBJC_ARC = YES;
				CLANG_WARN_BOOL_CONVERSION = YES;
				CLANG_WARN_CONSTANT_CONVERSION = YES;
				CLANG_WARN_DIRECT_OBJC_ISA_USAGE = YES_ERROR;
				CLANG_WARN_EMPTY_BODY = YES;
				CLANG_WARN_ENUM_CONVERSION = YES;
				CLANG_WARN_INT_CONVERSION = YES;
				CLANG_WARN_OBJC_ROOT_CLASS = YES_ERROR;
				CLANG_WARN_UNREACHABLE_CODE = YES;
				CLANG_WARN__DUPLICATE_METHOD_MATCH = YES;
				"CODE_SIGN_IDENTITY[sdk=iphoneos*]" = "iPhone Developer";
				COPY_PHASE_STRIP = NO;
				DEBUG_INFORMATION_FORMAT = dwarf;
				ENABLE_STRICT_OBJC_MSGSEND = YES;
				ENABLE_TESTABILITY = YES;
				GCC_C_LANGUAGE_STANDARD = gnu99;
				GCC_DYNAMIC_NO_PIC = NO;
				GCC_NO_COMMON_BLOCKS = YES;
				GCC_OPTIMIZATION_LEVEL = 0;
				GCC_PREPROCESSOR_DEFINITIONS = (
					"DEBUG=1",
					"$(inherited)",
				);
				GCC_WARN_64_TO_32_BIT_CONVERSION = YES;
				GCC_WARN_ABOUT_RETURN_TYPE = YES_ERROR;
				GCC_WARN_UNDECLARED_SELECTOR = YES;
				GCC_WARN_UNINITIALIZED_AUTOS = YES_AGGRESSIVE;
				GCC_WARN_UNUSED_FUNCTION = YES;
				GCC_WARN_UNUSED_VARIABLE = YES;
				IPHONEOS_DEPLOYMENT_TARGET = 9.1;
				MTL_ENABLE_DEBUG_INFO = YES;
				ONLY_ACTIVE_ARCH = YES;
				SDKROOT = iphoneos;
			};
			name = Debug;
		};
		AE94A1C41C0DBE8400C711A2 /* Release */ = {
			isa = XCBuildConfiguration;
			buildSettings = {
				ALWAYS_SEARCH_USER_PATHS = NO;
				CLANG_CXX_LANGUAGE_STANDARD = "gnu++0x";
				CLANG_CXX_LIBRARY = "libc++";
				CLANG_ENABLE_MODULES = YES;
				CLANG_ENABLE_OBJC_ARC = YES;
				CLANG_WARN_BOOL_CONVERSION = YES;
				CLANG_WARN_CONSTANT_CONVERSION = YES;
				CLANG_WARN_DIRECT_OBJC_ISA_USAGE = YES_ERROR;
				CLANG_WARN_EMPTY_BODY = YES;
				CLANG_WARN_ENUM_CONVERSION = YES;
				CLANG_WARN_INT_CONVERSION = YES;
				CLANG_WARN_OBJC_ROOT_CLASS = YES_ERROR;
				CLANG_WARN_UNREACHABLE_CODE = YES;
				CLANG_WARN__DUPLICATE_METHOD_MATCH = YES;
				"CODE_SIGN_IDENTITY[sdk=iphoneos*]" = "iPhone Developer";
				COPY_PHASE_STRIP = NO;
				DEBUG_INFORMATION_FORMAT = "dwarf-with-dsym";
				ENABLE_NS_ASSERTIONS = NO;
				ENABLE_STRICT_OBJC_MSGSEND = YES;
				GCC_C_LANGUAGE_STANDARD = gnu99;
				GCC_NO_COMMON_BLOCKS = YES;
				GCC_WARN_64_TO_32_BIT_CONVERSION = YES;
				GCC_WARN_ABOUT_RETURN_TYPE = YES_ERROR;
				GCC_WARN_UNDECLARED_SELECTOR = YES;
				GCC_WARN_UNINITIALIZED_AUTOS = YES_AGGRESSIVE;
				GCC_WARN_UNUSED_FUNCTION = YES;
				GCC_WARN_UNUSED_VARIABLE = YES;
				IPHONEOS_DEPLOYMENT_TARGET = 9.1;
				MTL_ENABLE_DEBUG_INFO = NO;
				SDKROOT = iphoneos;
				VALIDATE_PRODUCT = YES;
			};
			name = Release;
		};
		AE94A1C61C0DBE8400C711A2 /* Debug */ = {
			isa = XCBuildConfiguration;
			baseConfigurationReference = EAE7466088956527C1F5E65B /* Pods-DatabaseSample.debug.xcconfig */;
			buildSettings = {
				ASSETCATALOG_COMPILER_APPICON_NAME = AppIcon;
				INFOPLIST_FILE = DatabaseSample/Info.plist;
				LD_RUNPATH_SEARCH_PATHS = "$(inherited) @executable_path/Frameworks";
				PRODUCT_BUNDLE_IDENTIFIER = com.ciandt.enterprise.prototype.DatabaseSample;
				PRODUCT_NAME = "$(TARGET_NAME)";
			};
			name = Debug;
		};
		AE94A1C71C0DBE8400C711A2 /* Release */ = {
			isa = XCBuildConfiguration;
			baseConfigurationReference = E4A9EB887BD897CA7D42D35F /* Pods-DatabaseSample.release.xcconfig */;
			buildSettings = {
				ASSETCATALOG_COMPILER_APPICON_NAME = AppIcon;
				INFOPLIST_FILE = DatabaseSample/Info.plist;
				LD_RUNPATH_SEARCH_PATHS = "$(inherited) @executable_path/Frameworks";
				PRODUCT_BUNDLE_IDENTIFIER = com.ciandt.enterprise.prototype.DatabaseSample;
				PRODUCT_NAME = "$(TARGET_NAME)";
			};
			name = Release;
		};
		AE94A1C91C0DBE8400C711A2 /* Debug */ = {
			isa = XCBuildConfiguration;
			buildSettings = {
				BUNDLE_LOADER = "$(TEST_HOST)";
				INFOPLIST_FILE = DatabaseSampleTests/Info.plist;
				LD_RUNPATH_SEARCH_PATHS = "$(inherited) @executable_path/Frameworks @loader_path/Frameworks";
				PRODUCT_BUNDLE_IDENTIFIER = com.ciandt.enterprise.prototype.DatabaseSampleTests;
				PRODUCT_NAME = "$(TARGET_NAME)";
				TEST_HOST = "$(BUILT_PRODUCTS_DIR)/DatabaseSample.app/DatabaseSample";
			};
			name = Debug;
		};
		AE94A1CA1C0DBE8400C711A2 /* Release */ = {
			isa = XCBuildConfiguration;
			buildSettings = {
				BUNDLE_LOADER = "$(TEST_HOST)";
				INFOPLIST_FILE = DatabaseSampleTests/Info.plist;
				LD_RUNPATH_SEARCH_PATHS = "$(inherited) @executable_path/Frameworks @loader_path/Frameworks";
				PRODUCT_BUNDLE_IDENTIFIER = com.ciandt.enterprise.prototype.DatabaseSampleTests;
				PRODUCT_NAME = "$(TARGET_NAME)";
				TEST_HOST = "$(BUILT_PRODUCTS_DIR)/DatabaseSample.app/DatabaseSample";
			};
			name = Release;
		};
		AE94A1CC1C0DBE8400C711A2 /* Debug */ = {
			isa = XCBuildConfiguration;
			buildSettings = {
				INFOPLIST_FILE = DatabaseSampleUITests/Info.plist;
				LD_RUNPATH_SEARCH_PATHS = "$(inherited) @executable_path/Frameworks @loader_path/Frameworks";
				PRODUCT_BUNDLE_IDENTIFIER = com.ciandt.enterprise.prototype.DatabaseSampleUITests;
				PRODUCT_NAME = "$(TARGET_NAME)";
				TEST_TARGET_NAME = DatabaseSample;
				USES_XCTRUNNER = YES;
			};
			name = Debug;
		};
		AE94A1CD1C0DBE8400C711A2 /* Release */ = {
			isa = XCBuildConfiguration;
			buildSettings = {
				INFOPLIST_FILE = DatabaseSampleUITests/Info.plist;
				LD_RUNPATH_SEARCH_PATHS = "$(inherited) @executable_path/Frameworks @loader_path/Frameworks";
				PRODUCT_BUNDLE_IDENTIFIER = com.ciandt.enterprise.prototype.DatabaseSampleUITests;
				PRODUCT_NAME = "$(TARGET_NAME)";
				TEST_TARGET_NAME = DatabaseSample;
				USES_XCTRUNNER = YES;
			};
			name = Release;
		};
/* End XCBuildConfiguration section */

/* Begin XCConfigurationList section */
		AE94A1931C0DBE8400C711A2 /* Build configuration list for PBXProject "DatabaseSample" */ = {
			isa = XCConfigurationList;
			buildConfigurations = (
				AE94A1C31C0DBE8400C711A2 /* Debug */,
				AE94A1C41C0DBE8400C711A2 /* Release */,
			);
			defaultConfigurationIsVisible = 0;
			defaultConfigurationName = Release;
		};
		AE94A1C51C0DBE8400C711A2 /* Build configuration list for PBXNativeTarget "DatabaseSample" */ = {
			isa = XCConfigurationList;
			buildConfigurations = (
				AE94A1C61C0DBE8400C711A2 /* Debug */,
				AE94A1C71C0DBE8400C711A2 /* Release */,
			);
			defaultConfigurationIsVisible = 0;
			defaultConfigurationName = Release;
		};
		AE94A1C81C0DBE8400C711A2 /* Build configuration list for PBXNativeTarget "DatabaseSampleTests" */ = {
			isa = XCConfigurationList;
			buildConfigurations = (
				AE94A1C91C0DBE8400C711A2 /* Debug */,
				AE94A1CA1C0DBE8400C711A2 /* Release */,
			);
			defaultConfigurationIsVisible = 0;
			defaultConfigurationName = Release;
		};
		AE94A1CB1C0DBE8400C711A2 /* Build configuration list for PBXNativeTarget "DatabaseSampleUITests" */ = {
			isa = XCConfigurationList;
			buildConfigurations = (
				AE94A1CC1C0DBE8400C711A2 /* Debug */,
				AE94A1CD1C0DBE8400C711A2 /* Release */,
			);
			defaultConfigurationIsVisible = 0;
			defaultConfigurationName = Release;
		};
/* End XCConfigurationList section */
	};
	rootObject = AE94A1901C0DBE8400C711A2 /* Project object */;
}
